{
  "version": 4,
  "terraform_version": "1.12.2",
  "serial": 32,
  "lineage": "03c55854-b8ae-3ded-a153-4be7f9f11430",
  "outputs": {
    "alb_dns_name": {
      "value": "techcorp-alb-742890612.eu-west-2.elb.amazonaws.com",
      "type": "string"
    },
    "bastion_public_ip": {
      "value": "13.135.18.169",
      "type": "string"
    },
    "vpc_id": {
      "value": "vpc-0f6f1f4266ed63cc5",
      "type": "string"
    }
  },
  "resources": [
    {
      "mode": "data",
      "type": "aws_ami",
      "name": "amazon_linux2",
      "provider": "provider[\"registry.terraform.io/hashicorp/aws\"]",
      "instances": [
        {
          "schema_version": 0,
          "attributes": {
            "allow_unsafe_filter": null,
            "architecture": "x86_64",
            "arn": "arn:aws:ec2:eu-west-2::image/ami-012cce9e78c650beb",
            "block_device_mappings": [
              {
                "device_name": "/dev/xvda",
                "ebs": {
                  "delete_on_termination": "true",
                  "encrypted": "false",
                  "iops": "0",
                  "snapshot_id": "snap-0153b2c555a296c00",
                  "throughput": "0",
                  "volume_initialization_rate": "0",
                  "volume_size": "8",
                  "volume_type": "standard"
                },
                "no_device": "",
                "virtual_name": ""
              }
            ],
            "boot_mode": "",
            "creation_date": "2025-11-21T08:32:41.000Z",
            "deprecation_time": "2026-02-19T00:00:00.000Z",
            "description": "Amazon Linux 2 AMI 2.0.20251121.0 x86_64 HVM ebs",
            "ena_support": true,
            "executable_users": null,
            "filter": [
              {
                "name": "name",
                "values": [
                  "amzn2-ami-hvm-*-x86_64-ebs"
                ]
              }
            ],
            "hypervisor": "xen",
            "id": "ami-012cce9e78c650beb",
            "image_id": "ami-012cce9e78c650beb",
            "image_location": "amazon/amzn2-ami-hvm-2.0.20251121.0-x86_64-ebs",
            "image_owner_alias": "amazon",
            "image_type": "machine",
            "imds_support": "",
            "include_deprecated": false,
            "kernel_id": "",
            "last_launched_time": "",
            "most_recent": true,
            "name": "amzn2-ami-hvm-2.0.20251121.0-x86_64-ebs",
            "name_regex": null,
            "owner_id": "137112412989",
            "owners": [
              "amazon"
            ],
            "platform": "",
            "platform_details": "Linux/UNIX",
            "product_codes": [],
            "public": true,
            "ramdisk_id": "",
            "region": "eu-west-2",
            "root_device_name": "/dev/xvda",
            "root_device_type": "ebs",
            "root_snapshot_id": "snap-0153b2c555a296c00",
            "sriov_net_support": "simple",
            "state": "available",
            "state_reason": {
              "code": "UNSET",
              "message": "UNSET"
            },
            "tags": {},
            "timeouts": null,
            "tpm_support": "",
            "uefi_data": null,
            "usage_operation": "RunInstances",
            "virtualization_type": "hvm"
          },
          "sensitive_attributes": [],
          "identity_schema_version": 0
        }
      ]
    },
    {
      "mode": "data",
      "type": "aws_availability_zones",
      "name": "available",
      "provider": "provider[\"registry.terraform.io/hashicorp/aws\"]",
      "instances": [
        {
          "schema_version": 0,
          "attributes": {
            "all_availability_zones": null,
            "exclude_names": null,
            "exclude_zone_ids": null,
            "filter": null,
            "group_names": [
              "eu-west-2-zg-1"
            ],
            "id": "eu-west-2",
            "names": [
              "eu-west-2a",
              "eu-west-2b",
              "eu-west-2c"
            ],
            "region": "eu-west-2",
            "state": null,
            "timeouts": null,
            "zone_ids": [
              "euw2-az2",
              "euw2-az3",
              "euw2-az1"
            ]
          },
          "sensitive_attributes": [],
          "identity_schema_version": 0
        }
      ]
    },
    {
      "mode": "managed",
      "type": "aws_eip",
      "name": "bastion_eip",
      "provider": "provider[\"registry.terraform.io/hashicorp/aws\"]",
      "instances": [
        {
          "schema_version": 0,
          "attributes": {
            "address": null,
            "allocation_id": "eipalloc-072661580449534b1",
            "arn": "arn:aws:ec2:eu-west-2:304650806285:elastic-ip/eipalloc-072661580449534b1",
            "associate_with_private_ip": null,
            "association_id": "",
            "carrier_ip": "",
            "customer_owned_ip": "",
            "customer_owned_ipv4_pool": "",
            "domain": "vpc",
            "id": "eipalloc-072661580449534b1",
            "instance": "",
            "ipam_pool_id": null,
            "network_border_group": "eu-west-2",
            "network_interface": "",
            "private_dns": null,
            "private_ip": "",
            "ptr_record": "",
            "public_dns": "ec2-13-135-18-169.eu-west-2.compute.amazonaws.com",
            "public_ip": "13.135.18.169",
            "public_ipv4_pool": "amazon",
            "region": "eu-west-2",
            "tags": {
              "Name": "bastion-eip"
            },
            "tags_all": {
              "Name": "bastion-eip"
            },
            "timeouts": null
          },
          "sensitive_attributes": [],
          "identity_schema_version": 0,
          "private": "eyJlMmJmYjczMC1lY2FhLTExZTYtOGY4OC0zNDM2M2JjN2M0YzAiOnsiZGVsZXRlIjoxODAwMDAwMDAwMDAsInJlYWQiOjkwMDAwMDAwMDAwMCwidXBkYXRlIjozMDAwMDAwMDAwMDB9fQ==",
          "dependencies": [
            "aws_internet_gateway.igw",
            "aws_vpc.this"
          ]
        }
      ]
    },
    {
      "mode": "managed",
      "type": "aws_eip",
      "name": "nat",
      "provider": "provider[\"registry.terraform.io/hashicorp/aws\"]",
      "instances": [
        {
          "index_key": "0",
          "schema_version": 0,
          "attributes": {
            "address": null,
            "allocation_id": "eipalloc-0b8e5768a7b0be2dd",
            "arn": "arn:aws:ec2:eu-west-2:304650806285:elastic-ip/eipalloc-0b8e5768a7b0be2dd",
            "associate_with_private_ip": null,
            "association_id": "",
            "carrier_ip": "",
            "customer_owned_ip": "",
            "customer_owned_ipv4_pool": "",
            "domain": "vpc",
            "id": "eipalloc-0b8e5768a7b0be2dd",
            "instance": "",
            "ipam_pool_id": null,
            "network_border_group": "eu-west-2",
            "network_interface": "",
            "private_dns": null,
            "private_ip": "",
            "ptr_record": "",
            "public_dns": "ec2-3-10-196-129.eu-west-2.compute.amazonaws.com",
            "public_ip": "3.10.196.129",
            "public_ipv4_pool": "amazon",
            "region": "eu-west-2",
            "tags": {
              "Name": "nat-eip-0"
            },
            "tags_all": {
              "Name": "nat-eip-0"
            },
            "timeouts": null
          },
          "sensitive_attributes": [],
          "identity_schema_version": 0,
          "private": "eyJlMmJmYjczMC1lY2FhLTExZTYtOGY4OC0zNDM2M2JjN2M0YzAiOnsiZGVsZXRlIjoxODAwMDAwMDAwMDAsInJlYWQiOjkwMDAwMDAwMDAwMCwidXBkYXRlIjozMDAwMDAwMDAwMDB9fQ==",
          "dependencies": [
            "aws_subnet.public",
            "aws_vpc.this",
            "data.aws_availability_zones.available"
          ]
        },
        {
          "index_key": "1",
          "schema_version": 0,
          "attributes": {
            "address": null,
            "allocation_id": "eipalloc-04aed13477a4e946f",
            "arn": "arn:aws:ec2:eu-west-2:304650806285:elastic-ip/eipalloc-04aed13477a4e946f",
            "associate_with_private_ip": null,
            "association_id": "",
            "carrier_ip": "",
            "customer_owned_ip": "",
            "customer_owned_ipv4_pool": "",
            "domain": "vpc",
            "id": "eipalloc-04aed13477a4e946f",
            "instance": "",
            "ipam_pool_id": null,
            "network_border_group": "eu-west-2",
            "network_interface": "",
            "private_dns": null,
            "private_ip": "",
            "ptr_record": "",
            "public_dns": "ec2-3-10-44-49.eu-west-2.compute.amazonaws.com",
            "public_ip": "3.10.44.49",
            "public_ipv4_pool": "amazon",
            "region": "eu-west-2",
            "tags": {
              "Name": "nat-eip-1"
            },
            "tags_all": {
              "Name": "nat-eip-1"
            },
            "timeouts": null
          },
          "sensitive_attributes": [],
          "identity_schema_version": 0,
          "private": "eyJlMmJmYjczMC1lY2FhLTExZTYtOGY4OC0zNDM2M2JjN2M0YzAiOnsiZGVsZXRlIjoxODAwMDAwMDAwMDAsInJlYWQiOjkwMDAwMDAwMDAwMCwidXBkYXRlIjozMDAwMDAwMDAwMDB9fQ==",
          "dependencies": [
            "aws_subnet.public",
            "aws_vpc.this",
            "data.aws_availability_zones.available"
          ]
        }
      ]
    },
    {
      "mode": "managed",
      "type": "aws_eip_association",
      "name": "bastion_assoc",
      "provider": "provider[\"registry.terraform.io/hashicorp/aws\"]",
      "instances": [
        {
          "schema_version": 0,
          "attributes": {
            "allocation_id": "eipalloc-072661580449534b1",
            "allow_reassociation": null,
            "id": "eipassoc-0417cabd40f22a60f",
            "instance_id": "i-04c2bca4d2f2f5ab0",
            "network_interface_id": "eni-0587390f5dd8bba90",
            "private_ip_address": "10.0.1.104",
            "public_ip": "13.135.18.169",
            "region": "eu-west-2"
          },
          "sensitive_attributes": [],
          "identity_schema_version": 0,
          "private": "bnVsbA==",
          "dependencies": [
            "aws_eip.bastion_eip",
            "aws_instance.bastion",
            "aws_internet_gateway.igw",
            "aws_key_pair.default",
            "aws_security_group.bastion_sg",
            "aws_subnet.public",
            "aws_vpc.this",
            "data.aws_ami.amazon_linux2",
            "data.aws_availability_zones.available"
          ]
        }
      ]
    },
    {
      "mode": "managed",
      "type": "aws_instance",
      "name": "bastion",
      "provider": "provider[\"registry.terraform.io/hashicorp/aws\"]",
      "instances": [
        {
          "schema_version": 2,
          "attributes": {
            "ami": "ami-012cce9e78c650beb",
            "arn": "arn:aws:ec2:eu-west-2:304650806285:instance/i-04c2bca4d2f2f5ab0",
            "associate_public_ip_address": true,
            "availability_zone": "eu-west-2a",
            "capacity_reservation_specification": [
              {
                "capacity_reservation_preference": "open",
                "capacity_reservation_target": []
              }
            ],
            "cpu_options": [
              {
                "amd_sev_snp": "",
                "core_count": 1,
                "threads_per_core": 2
              }
            ],
            "credit_specification": [
              {
                "cpu_credits": "unlimited"
              }
            ],
            "disable_api_stop": false,
            "disable_api_termination": false,
            "ebs_block_device": [],
            "ebs_optimized": false,
            "enable_primary_ipv6": null,
            "enclave_options": [
              {
                "enabled": false
              }
            ],
            "ephemeral_block_device": [],
            "force_destroy": false,
            "get_password_data": false,
            "hibernation": false,
            "host_id": "",
            "host_resource_group_arn": null,
            "iam_instance_profile": "",
            "id": "i-04c2bca4d2f2f5ab0",
            "instance_initiated_shutdown_behavior": "stop",
            "instance_lifecycle": "",
            "instance_market_options": [],
            "instance_state": "running",
            "instance_type": "t3.micro",
            "ipv6_address_count": 0,
            "ipv6_addresses": [],
            "key_name": "kp",
            "launch_template": [],
            "maintenance_options": [
              {
                "auto_recovery": "default"
              }
            ],
            "metadata_options": [
              {
                "http_endpoint": "enabled",
                "http_protocol_ipv6": "disabled",
                "http_put_response_hop_limit": 1,
                "http_tokens": "optional",
                "instance_metadata_tags": "disabled"
              }
            ],
            "monitoring": false,
            "network_interface": [],
            "outpost_arn": "",
            "password_data": "",
            "placement_group": "",
            "placement_group_id": "",
            "placement_partition_number": 0,
            "primary_network_interface": [
              {
                "delete_on_termination": true,
                "network_interface_id": "eni-0587390f5dd8bba90"
              }
            ],
            "primary_network_interface_id": "eni-0587390f5dd8bba90",
            "private_dns": "ip-10-0-1-104.eu-west-2.compute.internal",
            "private_dns_name_options": [
              {
                "enable_resource_name_dns_a_record": false,
                "enable_resource_name_dns_aaaa_record": false,
                "hostname_type": "ip-name"
              }
            ],
            "private_ip": "10.0.1.104",
            "public_dns": "ec2-18-175-134-48.eu-west-2.compute.amazonaws.com",
            "public_ip": "18.175.134.48",
            "region": "eu-west-2",
            "root_block_device": [
              {
                "delete_on_termination": true,
                "device_name": "/dev/xvda",
                "encrypted": false,
                "iops": 0,
                "kms_key_id": "",
                "tags": {},
                "tags_all": {},
                "throughput": 0,
                "volume_id": "vol-0492f4cd3652ba021",
                "volume_size": 8,
                "volume_type": "standard"
              }
            ],
            "secondary_private_ips": [],
            "security_groups": [],
            "source_dest_check": true,
            "spot_instance_request_id": "",
            "subnet_id": "subnet-07ec56a2e1ecbcb61",
            "tags": {
              "Name": "techcorp-bastion"
            },
            "tags_all": {
              "Name": "techcorp-bastion"
            },
            "tenancy": "default",
            "timeouts": null,
            "user_data": null,
            "user_data_base64": null,
            "user_data_replace_on_change": false,
            "volume_tags": null,
            "vpc_security_group_ids": [
              "sg-099c1f4d93f15017b"
            ]
          },
          "sensitive_attributes": [],
          "identity_schema_version": 0,
          "identity": {
            "account_id": "304650806285",
            "id": "i-04c2bca4d2f2f5ab0",
            "region": "eu-west-2"
          },
          "private": "eyJlMmJmYjczMC1lY2FhLTExZTYtOGY4OC0zNDM2M2JjN2M0YzAiOnsiY3JlYXRlIjo2MDAwMDAwMDAwMDAsImRlbGV0ZSI6MTIwMDAwMDAwMDAwMCwicmVhZCI6OTAwMDAwMDAwMDAwLCJ1cGRhdGUiOjYwMDAwMDAwMDAwMH0sInNjaGVtYV92ZXJzaW9uIjoiMiJ9",
          "dependencies": [
            "aws_key_pair.default",
            "aws_security_group.bastion_sg",
            "aws_subnet.public",
            "aws_vpc.this",
            "data.aws_ami.amazon_linux2",
            "data.aws_availability_zones.available"
          ]
        }
      ]
    },
    {
      "mode": "managed",
      "type": "aws_instance",
      "name": "db",
      "provider": "provider[\"registry.terraform.io/hashicorp/aws\"]",
      "instances": [
        {
          "schema_version": 2,
          "attributes": {
            "ami": "ami-012cce9e78c650beb",
            "arn": "arn:aws:ec2:eu-west-2:304650806285:instance/i-0e1b6cb9d404a2eb3",
            "associate_public_ip_address": false,
            "availability_zone": "eu-west-2a",
            "capacity_reservation_specification": [
              {
                "capacity_reservation_preference": "open",
                "capacity_reservation_target": []
              }
            ],
            "cpu_options": [
              {
                "amd_sev_snp": "",
                "core_count": 1,
                "threads_per_core": 2
              }
            ],
            "credit_specification": [
              {
                "cpu_credits": "unlimited"
              }
            ],
            "disable_api_stop": false,
            "disable_api_termination": false,
            "ebs_block_device": [],
            "ebs_optimized": false,
            "enable_primary_ipv6": null,
            "enclave_options": [
              {
                "enabled": false
              }
            ],
            "ephemeral_block_device": [],
            "force_destroy": false,
            "get_password_data": false,
            "hibernation": false,
            "host_id": "",
            "host_resource_group_arn": null,
            "iam_instance_profile": "",
            "id": "i-0e1b6cb9d404a2eb3",
            "instance_initiated_shutdown_behavior": "stop",
            "instance_lifecycle": "",
            "instance_market_options": [],
            "instance_state": "running",
            "instance_type": "t3.small",
            "ipv6_address_count": 0,
            "ipv6_addresses": [],
            "key_name": "kp",
            "launch_template": [],
            "maintenance_options": [
              {
                "auto_recovery": "default"
              }
            ],
            "metadata_options": [
              {
                "http_endpoint": "enabled",
                "http_protocol_ipv6": "disabled",
                "http_put_response_hop_limit": 1,
                "http_tokens": "optional",
                "instance_metadata_tags": "disabled"
              }
            ],
            "monitoring": false,
            "network_interface": [],
            "outpost_arn": "",
            "password_data": "",
            "placement_group": "",
            "placement_group_id": "",
            "placement_partition_number": 0,
            "primary_network_interface": [
              {
                "delete_on_termination": true,
                "network_interface_id": "eni-0619c866f570e954b"
              }
            ],
            "primary_network_interface_id": "eni-0619c866f570e954b",
            "private_dns": "ip-10-0-3-191.eu-west-2.compute.internal",
            "private_dns_name_options": [
              {
                "enable_resource_name_dns_a_record": false,
                "enable_resource_name_dns_aaaa_record": false,
                "hostname_type": "ip-name"
              }
            ],
            "private_ip": "10.0.3.191",
            "public_dns": "",
            "public_ip": "",
            "region": "eu-west-2",
            "root_block_device": [
              {
                "delete_on_termination": true,
                "device_name": "/dev/xvda",
                "encrypted": false,
                "iops": 0,
                "kms_key_id": "",
                "tags": {},
                "tags_all": {},
                "throughput": 0,
                "volume_id": "vol-00504641af290fabe",
                "volume_size": 8,
                "volume_type": "standard"
              }
            ],
            "secondary_private_ips": [],
            "security_groups": [],
            "source_dest_check": true,
            "spot_instance_request_id": "",
            "subnet_id": "subnet-0726dbb91342e1031",
            "tags": {
              "Name": "techcorp-db"
            },
            "tags_all": {
              "Name": "techcorp-db"
            },
            "tenancy": "default",
            "timeouts": null,
            "user_data": "#!/bin/bash\n# Installs Postgres (Postgres 12 from Amazon Linux 2 repo) and starts it\nyum update -y\namazon-linux-extras enable postgresql12\nyum install -y postgresql-server postgresql-contrib\n\n# initialize DB and enable remote connections (listen on all)\npostgresql-setup --initdb\nsed -i \"s/#listen_addresses = 'localhost'/listen_addresses = '*'/g\" /var/lib/pgsql/data/postgresql.conf\n# Allow password auth from the web SG range; for simplicity we allow local connections only here.\ncat \u003e\u003e /var/lib/pgsql/data/pg_hba.conf \u003c\u003cEOF\n# Allow local md5\nhost    all             all             10.0.3.0/24         md5\nhost    all             all             10.0.4.0/24         md5\nEOF\n\nsystemctl enable postgresql\nsystemctl start postgresql\n\n# create a user and database for testing (username: techcorp, password: password123)\nsudo -u postgres psql -c \"CREATE USER techcorp WITH PASSWORD 'password123';\"\nsudo -u postgres psql -c \"CREATE DATABASE techcorp_db OWNER techcorp;\"\n\n",
            "user_data_base64": null,
            "user_data_replace_on_change": false,
            "volume_tags": null,
            "vpc_security_group_ids": [
              "sg-0e0c9675c08e80176"
            ]
          },
          "sensitive_attributes": [],
          "identity_schema_version": 0,
          "identity": {
            "account_id": "304650806285",
            "id": "i-0e1b6cb9d404a2eb3",
            "region": "eu-west-2"
          },
          "private": "eyJlMmJmYjczMC1lY2FhLTExZTYtOGY4OC0zNDM2M2JjN2M0YzAiOnsiY3JlYXRlIjo2MDAwMDAwMDAwMDAsImRlbGV0ZSI6MTIwMDAwMDAwMDAwMCwicmVhZCI6OTAwMDAwMDAwMDAwLCJ1cGRhdGUiOjYwMDAwMDAwMDAwMH0sInNjaGVtYV92ZXJzaW9uIjoiMiJ9",
          "dependencies": [
            "aws_key_pair.default",
            "aws_security_group.bastion_sg",
            "aws_security_group.db_sg",
            "aws_security_group.web_sg",
            "aws_subnet.private",
            "aws_vpc.this",
            "data.aws_ami.amazon_linux2",
            "data.aws_availability_zones.available"
          ]
        }
      ]
    },
    {
      "mode": "managed",
      "type": "aws_instance",
      "name": "web",
      "provider": "provider[\"registry.terraform.io/hashicorp/aws\"]",
      "instances": [
        {
          "index_key": 0,
          "schema_version": 2,
          "attributes": {
            "ami": "ami-012cce9e78c650beb",
            "arn": "arn:aws:ec2:eu-west-2:304650806285:instance/i-0b3695adb76a20f62",
            "associate_public_ip_address": false,
            "availability_zone": "eu-west-2a",
            "capacity_reservation_specification": [
              {
                "capacity_reservation_preference": "open",
                "capacity_reservation_target": []
              }
            ],
            "cpu_options": [
              {
                "amd_sev_snp": "",
                "core_count": 1,
                "threads_per_core": 2
              }
            ],
            "credit_specification": [
              {
                "cpu_credits": "unlimited"
              }
            ],
            "disable_api_stop": false,
            "disable_api_termination": false,
            "ebs_block_device": [],
            "ebs_optimized": false,
            "enable_primary_ipv6": null,
            "enclave_options": [
              {
                "enabled": false
              }
            ],
            "ephemeral_block_device": [],
            "force_destroy": false,
            "get_password_data": false,
            "hibernation": false,
            "host_id": "",
            "host_resource_group_arn": null,
            "iam_instance_profile": "",
            "id": "i-0b3695adb76a20f62",
            "instance_initiated_shutdown_behavior": "stop",
            "instance_lifecycle": "",
            "instance_market_options": [],
            "instance_state": "running",
            "instance_type": "t3.micro",
            "ipv6_address_count": 0,
            "ipv6_addresses": [],
            "key_name": "kp",
            "launch_template": [],
            "maintenance_options": [
              {
                "auto_recovery": "default"
              }
            ],
            "metadata_options": [
              {
                "http_endpoint": "enabled",
                "http_protocol_ipv6": "disabled",
                "http_put_response_hop_limit": 1,
                "http_tokens": "optional",
                "instance_metadata_tags": "disabled"
              }
            ],
            "monitoring": false,
            "network_interface": [],
            "outpost_arn": "",
            "password_data": "",
            "placement_group": "",
            "placement_group_id": "",
            "placement_partition_number": 0,
            "primary_network_interface": [
              {
                "delete_on_termination": true,
                "network_interface_id": "eni-05e79a5b34b8099e5"
              }
            ],
            "primary_network_interface_id": "eni-05e79a5b34b8099e5",
            "private_dns": "ip-10-0-3-68.eu-west-2.compute.internal",
            "private_dns_name_options": [
              {
                "enable_resource_name_dns_a_record": false,
                "enable_resource_name_dns_aaaa_record": false,
                "hostname_type": "ip-name"
              }
            ],
            "private_ip": "10.0.3.68",
            "public_dns": "",
            "public_ip": "",
            "region": "eu-west-2",
            "root_block_device": [
              {
                "delete_on_termination": true,
                "device_name": "/dev/xvda",
                "encrypted": false,
                "iops": 0,
                "kms_key_id": "",
                "tags": {},
                "tags_all": {},
                "throughput": 0,
                "volume_id": "vol-0c3905e43cfb8e97a",
                "volume_size": 8,
                "volume_type": "standard"
              }
            ],
            "secondary_private_ips": [],
            "security_groups": [],
            "source_dest_check": true,
            "spot_instance_request_id": "",
            "subnet_id": "subnet-0726dbb91342e1031",
            "tags": {
              "Name": "techcorp-web-1"
            },
            "tags_all": {
              "Name": "techcorp-web-1"
            },
            "tenancy": "default",
            "timeouts": null,
            "user_data": "#!/bin/bash\n# Installs Apache and writes a simple page showing the instance-id\nyum update -y\nyum install -y httpd\nsystemctl enable httpd\nsystemctl start httpd\n\nINSTANCE_ID=$(curl -s http://169.254.169.254/latest/meta-data/instance-id)\ncat \u003e /var/www/html/index.html \u003c\u003cEOF\n\u003chtml\u003e\n  \u003chead\u003e\u003ctitle\u003eTechCorp Web\u003c/title\u003e\u003c/head\u003e\n  \u003cbody\u003e\n    \u003ch1\u003eTechCorp Web Server\u003c/h1\u003e\n    \u003cp\u003eInstance ID: ${INSTANCE_ID}\u003c/p\u003e\n    \u003cp\u003eServed via ALB\u003c/p\u003e\n  \u003c/body\u003e\n\u003c/html\u003e\nEOF\n\n",
            "user_data_base64": null,
            "user_data_replace_on_change": false,
            "volume_tags": null,
            "vpc_security_group_ids": [
              "sg-06626a122f0828820"
            ]
          },
          "sensitive_attributes": [],
          "identity_schema_version": 0,
          "identity": {
            "account_id": "304650806285",
            "id": "i-0b3695adb76a20f62",
            "region": "eu-west-2"
          },
          "private": "eyJlMmJmYjczMC1lY2FhLTExZTYtOGY4OC0zNDM2M2JjN2M0YzAiOnsiY3JlYXRlIjo2MDAwMDAwMDAwMDAsImRlbGV0ZSI6MTIwMDAwMDAwMDAwMCwicmVhZCI6OTAwMDAwMDAwMDAwLCJ1cGRhdGUiOjYwMDAwMDAwMDAwMH0sInNjaGVtYV92ZXJzaW9uIjoiMiJ9",
          "dependencies": [
            "aws_key_pair.default",
            "aws_security_group.bastion_sg",
            "aws_security_group.web_sg",
            "aws_subnet.private",
            "aws_vpc.this",
            "data.aws_ami.amazon_linux2",
            "data.aws_availability_zones.available"
          ]
        },
        {
          "index_key": 1,
          "schema_version": 2,
          "attributes": {
            "ami": "ami-012cce9e78c650beb",
            "arn": "arn:aws:ec2:eu-west-2:304650806285:instance/i-0541ed5c6eafa4a3f",
            "associate_public_ip_address": false,
            "availability_zone": "eu-west-2b",
            "capacity_reservation_specification": [
              {
                "capacity_reservation_preference": "open",
                "capacity_reservation_target": []
              }
            ],
            "cpu_options": [
              {
                "amd_sev_snp": "",
                "core_count": 1,
                "threads_per_core": 2
              }
            ],
            "credit_specification": [
              {
                "cpu_credits": "unlimited"
              }
            ],
            "disable_api_stop": false,
            "disable_api_termination": false,
            "ebs_block_device": [],
            "ebs_optimized": false,
            "enable_primary_ipv6": null,
            "enclave_options": [
              {
                "enabled": false
              }
            ],
            "ephemeral_block_device": [],
            "force_destroy": false,
            "get_password_data": false,
            "hibernation": false,
            "host_id": "",
            "host_resource_group_arn": null,
            "iam_instance_profile": "",
            "id": "i-0541ed5c6eafa4a3f",
            "instance_initiated_shutdown_behavior": "stop",
            "instance_lifecycle": "",
            "instance_market_options": [],
            "instance_state": "running",
            "instance_type": "t3.micro",
            "ipv6_address_count": 0,
            "ipv6_addresses": [],
            "key_name": "kp",
            "launch_template": [],
            "maintenance_options": [
              {
                "auto_recovery": "default"
              }
            ],
            "metadata_options": [
              {
                "http_endpoint": "enabled",
                "http_protocol_ipv6": "disabled",
                "http_put_response_hop_limit": 1,
                "http_tokens": "optional",
                "instance_metadata_tags": "disabled"
              }
            ],
            "monitoring": false,
            "network_interface": [],
            "outpost_arn": "",
            "password_data": "",
            "placement_group": "",
            "placement_group_id": "",
            "placement_partition_number": 0,
            "primary_network_interface": [
              {
                "delete_on_termination": true,
                "network_interface_id": "eni-0268781fc78d1afcf"
              }
            ],
            "primary_network_interface_id": "eni-0268781fc78d1afcf",
            "private_dns": "ip-10-0-4-13.eu-west-2.compute.internal",
            "private_dns_name_options": [
              {
                "enable_resource_name_dns_a_record": false,
                "enable_resource_name_dns_aaaa_record": false,
                "hostname_type": "ip-name"
              }
            ],
            "private_ip": "10.0.4.13",
            "public_dns": "",
            "public_ip": "",
            "region": "eu-west-2",
            "root_block_device": [
              {
                "delete_on_termination": true,
                "device_name": "/dev/xvda",
                "encrypted": false,
                "iops": 0,
                "kms_key_id": "",
                "tags": {},
                "tags_all": {},
                "throughput": 0,
                "volume_id": "vol-076c49725f6da95c9",
                "volume_size": 8,
                "volume_type": "standard"
              }
            ],
            "secondary_private_ips": [],
            "security_groups": [],
            "source_dest_check": true,
            "spot_instance_request_id": "",
            "subnet_id": "subnet-09ac71bc962e9fb16",
            "tags": {
              "Name": "techcorp-web-2"
            },
            "tags_all": {
              "Name": "techcorp-web-2"
            },
            "tenancy": "default",
            "timeouts": null,
            "user_data": "#!/bin/bash\n# Installs Apache and writes a simple page showing the instance-id\nyum update -y\nyum install -y httpd\nsystemctl enable httpd\nsystemctl start httpd\n\nINSTANCE_ID=$(curl -s http://169.254.169.254/latest/meta-data/instance-id)\ncat \u003e /var/www/html/index.html \u003c\u003cEOF\n\u003chtml\u003e\n  \u003chead\u003e\u003ctitle\u003eTechCorp Web\u003c/title\u003e\u003c/head\u003e\n  \u003cbody\u003e\n    \u003ch1\u003eTechCorp Web Server\u003c/h1\u003e\n    \u003cp\u003eInstance ID: ${INSTANCE_ID}\u003c/p\u003e\n    \u003cp\u003eServed via ALB\u003c/p\u003e\n  \u003c/body\u003e\n\u003c/html\u003e\nEOF\n\n",
            "user_data_base64": null,
            "user_data_replace_on_change": false,
            "volume_tags": null,
            "vpc_security_group_ids": [
              "sg-06626a122f0828820"
            ]
          },
          "sensitive_attributes": [],
          "identity_schema_version": 0,
          "identity": {
            "account_id": "304650806285",
            "id": "i-0541ed5c6eafa4a3f",
            "region": "eu-west-2"
          },
          "private": "eyJlMmJmYjczMC1lY2FhLTExZTYtOGY4OC0zNDM2M2JjN2M0YzAiOnsiY3JlYXRlIjo2MDAwMDAwMDAwMDAsImRlbGV0ZSI6MTIwMDAwMDAwMDAwMCwicmVhZCI6OTAwMDAwMDAwMDAwLCJ1cGRhdGUiOjYwMDAwMDAwMDAwMH0sInNjaGVtYV92ZXJzaW9uIjoiMiJ9",
          "dependencies": [
            "aws_key_pair.default",
            "aws_security_group.bastion_sg",
            "aws_security_group.web_sg",
            "aws_subnet.private",
            "aws_vpc.this",
            "data.aws_ami.amazon_linux2",
            "data.aws_availability_zones.available"
          ]
        }
      ]
    },
    {
      "mode": "managed",
      "type": "aws_internet_gateway",
      "name": "igw",
      "provider": "provider[\"registry.terraform.io/hashicorp/aws\"]",
      "instances": [
        {
          "schema_version": 0,
          "attributes": {
            "arn": "arn:aws:ec2:eu-west-2:304650806285:internet-gateway/igw-0e9b9af78ebd93b68",
            "id": "igw-0e9b9af78ebd93b68",
            "owner_id": "304650806285",
            "region": "eu-west-2",
            "tags": {
              "Name": "techcorp-igw"
            },
            "tags_all": {
              "Name": "techcorp-igw"
            },
            "timeouts": null,
            "vpc_id": "vpc-0f6f1f4266ed63cc5"
          },
          "sensitive_attributes": [],
          "identity_schema_version": 0,
          "private": "eyJlMmJmYjczMC1lY2FhLTExZTYtOGY4OC0zNDM2M2JjN2M0YzAiOnsiY3JlYXRlIjoxMjAwMDAwMDAwMDAwLCJkZWxldGUiOjEyMDAwMDAwMDAwMDAsInVwZGF0ZSI6MTIwMDAwMDAwMDAwMH19",
          "dependencies": [
            "aws_vpc.this"
          ]
        }
      ]
    },
    {
      "mode": "managed",
      "type": "aws_lb",
      "name": "alb",
      "provider": "provider[\"registry.terraform.io/hashicorp/aws\"]",
      "instances": [
        {
          "schema_version": 0,
          "attributes": {
            "access_logs": [
              {
                "bucket": "",
                "enabled": false,
                "prefix": ""
              }
            ],
            "arn": "arn:aws:elasticloadbalancing:eu-west-2:304650806285:loadbalancer/app/techcorp-alb/1f3344a1180d2ca8",
            "arn_suffix": "app/techcorp-alb/1f3344a1180d2ca8",
            "client_keep_alive": 3600,
            "connection_logs": [
              {
                "bucket": "",
                "enabled": false,
                "prefix": ""
              }
            ],
            "customer_owned_ipv4_pool": "",
            "desync_mitigation_mode": "defensive",
            "dns_name": "techcorp-alb-742890612.eu-west-2.elb.amazonaws.com",
            "dns_record_client_routing_policy": null,
            "drop_invalid_header_fields": false,
            "enable_cross_zone_load_balancing": true,
            "enable_deletion_protection": false,
            "enable_http2": true,
            "enable_tls_version_and_cipher_suite_headers": false,
            "enable_waf_fail_open": false,
            "enable_xff_client_port": false,
            "enable_zonal_shift": false,
            "enforce_security_group_inbound_rules_on_private_link_traffic": "",
            "id": "arn:aws:elasticloadbalancing:eu-west-2:304650806285:loadbalancer/app/techcorp-alb/1f3344a1180d2ca8",
            "idle_timeout": 60,
            "internal": false,
            "ip_address_type": "ipv4",
            "ipam_pools": [],
            "load_balancer_type": "application",
            "minimum_load_balancer_capacity": [],
            "name": "techcorp-alb",
            "name_prefix": "",
            "preserve_host_header": false,
            "region": "eu-west-2",
            "secondary_ips_auto_assigned_per_subnet": null,
            "security_groups": [
              "sg-06626a122f0828820"
            ],
            "subnet_mapping": [
              {
                "allocation_id": "",
                "ipv6_address": "",
                "outpost_id": "",
                "private_ipv4_address": "",
                "subnet_id": "subnet-077653b84bd81d9f2"
              },
              {
                "allocation_id": "",
                "ipv6_address": "",
                "outpost_id": "",
                "private_ipv4_address": "",
                "subnet_id": "subnet-07ec56a2e1ecbcb61"
              }
            ],
            "subnets": [
              "subnet-077653b84bd81d9f2",
              "subnet-07ec56a2e1ecbcb61"
            ],
            "tags": {
              "Name": "techcorp-alb"
            },
            "tags_all": {
              "Name": "techcorp-alb"
            },
            "timeouts": null,
            "vpc_id": "vpc-0f6f1f4266ed63cc5",
            "xff_header_processing_mode": "append",
            "zone_id": "ZHURV8PSTC4K8"
          },
          "sensitive_attributes": [],
          "identity_schema_version": 0,
          "identity": {
            "arn": "arn:aws:elasticloadbalancing:eu-west-2:304650806285:loadbalancer/app/techcorp-alb/1f3344a1180d2ca8"
          },
          "private": "eyJlMmJmYjczMC1lY2FhLTExZTYtOGY4OC0zNDM2M2JjN2M0YzAiOnsiY3JlYXRlIjo2MDAwMDAwMDAwMDAsImRlbGV0ZSI6NjAwMDAwMDAwMDAwLCJ1cGRhdGUiOjYwMDAwMDAwMDAwMH19",
          "dependencies": [
            "aws_security_group.bastion_sg",
            "aws_security_group.web_sg",
            "aws_subnet.public",
            "aws_vpc.this",
            "data.aws_availability_zones.available"
          ]
        }
      ]
    },
    {
      "mode": "managed",
      "type": "aws_lb_listener",
      "name": "http",
      "provider": "provider[\"registry.terraform.io/hashicorp/aws\"]",
      "instances": [
        {
          "schema_version": 0,
          "attributes": {
            "alpn_policy": null,
            "arn": "arn:aws:elasticloadbalancing:eu-west-2:304650806285:listener/app/techcorp-alb/1f3344a1180d2ca8/adb5d8591f66727d",
            "certificate_arn": null,
            "default_action": [
              {
                "authenticate_cognito": [],
                "authenticate_oidc": [],
                "fixed_response": [],
                "forward": [],
                "jwt_validation": [],
                "order": 1,
                "redirect": [],
                "target_group_arn": "arn:aws:elasticloadbalancing:eu-west-2:304650806285:targetgroup/techcorp-web-tg/435707d69e020f5b",
                "type": "forward"
              }
            ],
            "id": "arn:aws:elasticloadbalancing:eu-west-2:304650806285:listener/app/techcorp-alb/1f3344a1180d2ca8/adb5d8591f66727d",
            "load_balancer_arn": "arn:aws:elasticloadbalancing:eu-west-2:304650806285:loadbalancer/app/techcorp-alb/1f3344a1180d2ca8",
            "mutual_authentication": [],
            "port": 80,
            "protocol": "HTTP",
            "region": "eu-west-2",
            "routing_http_request_x_amzn_mtls_clientcert_header_name": null,
            "routing_http_request_x_amzn_mtls_clientcert_issuer_header_name": null,
            "routing_http_request_x_amzn_mtls_clientcert_leaf_header_name": null,
            "routing_http_request_x_amzn_mtls_clientcert_serial_number_header_name": null,
            "routing_http_request_x_amzn_mtls_clientcert_subject_header_name": null,
            "routing_http_request_x_amzn_mtls_clientcert_validity_header_name": null,
            "routing_http_request_x_amzn_tls_cipher_suite_header_name": null,
            "routing_http_request_x_amzn_tls_version_header_name": null,
            "routing_http_response_access_control_allow_credentials_header_value": "",
            "routing_http_response_access_control_allow_headers_header_value": "",
            "routing_http_response_access_control_allow_methods_header_value": "",
            "routing_http_response_access_control_allow_origin_header_value": "",
            "routing_http_response_access_control_expose_headers_header_value": "",
            "routing_http_response_access_control_max_age_header_value": "",
            "routing_http_response_content_security_policy_header_value": "",
            "routing_http_response_server_enabled": true,
            "routing_http_response_strict_transport_security_header_value": "",
            "routing_http_response_x_content_type_options_header_value": "",
            "routing_http_response_x_frame_options_header_value": "",
            "ssl_policy": "",
            "tags": null,
            "tags_all": {},
            "tcp_idle_timeout_seconds": null,
            "timeouts": null
          },
          "sensitive_attributes": [],
          "identity_schema_version": 0,
          "identity": {
            "arn": "arn:aws:elasticloadbalancing:eu-west-2:304650806285:listener/app/techcorp-alb/1f3344a1180d2ca8/adb5d8591f66727d"
          },
          "private": "eyJlMmJmYjczMC1lY2FhLTExZTYtOGY4OC0zNDM2M2JjN2M0YzAiOnsiY3JlYXRlIjozMDAwMDAwMDAwMDAsInVwZGF0ZSI6MzAwMDAwMDAwMDAwfX0=",
          "dependencies": [
            "aws_lb.alb",
            "aws_lb_target_group.web_tg",
            "aws_security_group.bastion_sg",
            "aws_security_group.web_sg",
            "aws_subnet.public",
            "aws_vpc.this",
            "data.aws_availability_zones.available"
          ]
        }
      ]
    },
    {
      "mode": "managed",
      "type": "aws_lb_target_group",
      "name": "web_tg",
      "provider": "provider[\"registry.terraform.io/hashicorp/aws\"]",
      "instances": [
        {
          "schema_version": 0,
          "attributes": {
            "arn": "arn:aws:elasticloadbalancing:eu-west-2:304650806285:targetgroup/techcorp-web-tg/435707d69e020f5b",
            "arn_suffix": "targetgroup/techcorp-web-tg/435707d69e020f5b",
            "connection_termination": null,
            "deregistration_delay": "300",
            "health_check": [
              {
                "enabled": true,
                "healthy_threshold": 2,
                "interval": 30,
                "matcher": "200",
                "path": "/",
                "port": "traffic-port",
                "protocol": "HTTP",
                "timeout": 5,
                "unhealthy_threshold": 2
              }
            ],
            "id": "arn:aws:elasticloadbalancing:eu-west-2:304650806285:targetgroup/techcorp-web-tg/435707d69e020f5b",
            "ip_address_type": "ipv4",
            "lambda_multi_value_headers_enabled": false,
            "load_balancer_arns": [],
            "load_balancing_algorithm_type": "round_robin",
            "load_balancing_anomaly_mitigation": "off",
            "load_balancing_cross_zone_enabled": "use_load_balancer_configuration",
            "name": "techcorp-web-tg",
            "name_prefix": "",
            "port": 80,
            "preserve_client_ip": null,
            "protocol": "HTTP",
            "protocol_version": "HTTP1",
            "proxy_protocol_v2": false,
            "region": "eu-west-2",
            "slow_start": 0,
            "stickiness": [
              {
                "cookie_duration": 86400,
                "cookie_name": "",
                "enabled": false,
                "type": "lb_cookie"
              }
            ],
            "tags": {
              "Name": "techcorp-web-tg"
            },
            "tags_all": {
              "Name": "techcorp-web-tg"
            },
            "target_failover": [
              {
                "on_deregistration": null,
                "on_unhealthy": null
              }
            ],
            "target_group_health": [
              {
                "dns_failover": [
                  {
                    "minimum_healthy_targets_count": "1",
                    "minimum_healthy_targets_percentage": "off"
                  }
                ],
                "unhealthy_state_routing": [
                  {
                    "minimum_healthy_targets_count": 1,
                    "minimum_healthy_targets_percentage": "off"
                  }
                ]
              }
            ],
            "target_health_state": [
              {
                "enable_unhealthy_connection_termination": null,
                "unhealthy_draining_interval": null
              }
            ],
            "target_type": "instance",
            "vpc_id": "vpc-0f6f1f4266ed63cc5"
          },
          "sensitive_attributes": [],
          "identity_schema_version": 0,
          "identity": {
            "arn": "arn:aws:elasticloadbalancing:eu-west-2:304650806285:targetgroup/techcorp-web-tg/435707d69e020f5b"
          },
          "private": "bnVsbA==",
          "dependencies": [
            "aws_vpc.this"
          ]
        }
      ]
    },
    {
      "mode": "managed",
      "type": "aws_lb_target_group_attachment",
      "name": "web_attachments",
      "provider": "provider[\"registry.terraform.io/hashicorp/aws\"]",
      "instances": [
        {
          "index_key": "0",
          "schema_version": 0,
          "attributes": {
            "availability_zone": null,
            "id": "arn:aws:elasticloadbalancing:eu-west-2:304650806285:targetgroup/techcorp-web-tg/435707d69e020f5b-20251126182301667700000008",
            "port": 80,
            "region": "eu-west-2",
            "target_group_arn": "arn:aws:elasticloadbalancing:eu-west-2:304650806285:targetgroup/techcorp-web-tg/435707d69e020f5b",
            "target_id": "i-0b3695adb76a20f62"
          },
          "sensitive_attributes": [],
          "identity_schema_version": 0,
          "private": "bnVsbA==",
          "dependencies": [
            "aws_instance.web",
            "aws_key_pair.default",
            "aws_lb_target_group.web_tg",
            "aws_security_group.bastion_sg",
            "aws_security_group.web_sg",
            "aws_subnet.private",
            "aws_vpc.this",
            "data.aws_ami.amazon_linux2",
            "data.aws_availability_zones.available"
          ]
        },
        {
          "index_key": "1",
          "schema_version": 0,
          "attributes": {
            "availability_zone": null,
            "id": "arn:aws:elasticloadbalancing:eu-west-2:304650806285:targetgroup/techcorp-web-tg/435707d69e020f5b-20251126182301781000000009",
            "port": 80,
            "region": "eu-west-2",
            "target_group_arn": "arn:aws:elasticloadbalancing:eu-west-2:304650806285:targetgroup/techcorp-web-tg/435707d69e020f5b",
            "target_id": "i-0541ed5c6eafa4a3f"
          },
          "sensitive_attributes": [],
          "identity_schema_version": 0,
          "private": "bnVsbA==",
          "dependencies": [
            "aws_instance.web",
            "aws_key_pair.default",
            "aws_lb_target_group.web_tg",
            "aws_security_group.bastion_sg",
            "aws_security_group.web_sg",
            "aws_subnet.private",
            "aws_vpc.this",
            "data.aws_ami.amazon_linux2",
            "data.aws_availability_zones.available"
          ]
        }
      ]
    },
    {
      "mode": "managed",
      "type": "aws_nat_gateway",
      "name": "nat",
      "provider": "provider[\"registry.terraform.io/hashicorp/aws\"]",
      "instances": [
        {
          "index_key": "0",
          "schema_version": 0,
          "attributes": {
            "allocation_id": "eipalloc-0b8e5768a7b0be2dd",
            "association_id": "eipassoc-0dbe20c45e995c70d",
            "connectivity_type": "public",
            "id": "nat-064a55a51e94c40d4",
            "network_interface_id": "eni-027dccd84b262f195",
            "private_ip": "10.0.1.251",
            "public_ip": "3.10.196.129",
            "region": "eu-west-2",
            "secondary_allocation_ids": [],
            "secondary_private_ip_address_count": 0,
            "secondary_private_ip_addresses": [],
            "subnet_id": "subnet-07ec56a2e1ecbcb61",
            "tags": {
              "Name": "nat-gw-0"
            },
            "tags_all": {
              "Name": "nat-gw-0"
            },
            "timeouts": null
          },
          "sensitive_attributes": [],
          "identity_schema_version": 0,
          "private": "eyJlMmJmYjczMC1lY2FhLTExZTYtOGY4OC0zNDM2M2JjN2M0YzAiOnsiY3JlYXRlIjo2MDAwMDAwMDAwMDAsImRlbGV0ZSI6MTgwMDAwMDAwMDAwMCwidXBkYXRlIjo2MDAwMDAwMDAwMDB9fQ==",
          "dependencies": [
            "aws_eip.nat",
            "aws_internet_gateway.igw",
            "aws_subnet.public",
            "aws_vpc.this",
            "data.aws_availability_zones.available"
          ]
        },
        {
          "index_key": "1",
          "schema_version": 0,
          "attributes": {
            "allocation_id": "eipalloc-04aed13477a4e946f",
            "association_id": "eipassoc-000a933752601f559",
            "connectivity_type": "public",
            "id": "nat-0c609f89293fe55be",
            "network_interface_id": "eni-0016901e1179be589",
            "private_ip": "10.0.2.42",
            "public_ip": "3.10.44.49",
            "region": "eu-west-2",
            "secondary_allocation_ids": [],
            "secondary_private_ip_address_count": 0,
            "secondary_private_ip_addresses": [],
            "subnet_id": "subnet-077653b84bd81d9f2",
            "tags": {
              "Name": "nat-gw-1"
            },
            "tags_all": {
              "Name": "nat-gw-1"
            },
            "timeouts": null
          },
          "sensitive_attributes": [],
          "identity_schema_version": 0,
          "private": "eyJlMmJmYjczMC1lY2FhLTExZTYtOGY4OC0zNDM2M2JjN2M0YzAiOnsiY3JlYXRlIjo2MDAwMDAwMDAwMDAsImRlbGV0ZSI6MTgwMDAwMDAwMDAwMCwidXBkYXRlIjo2MDAwMDAwMDAwMDB9fQ==",
          "dependencies": [
            "aws_eip.nat",
            "aws_internet_gateway.igw",
            "aws_subnet.public",
            "aws_vpc.this",
            "data.aws_availability_zones.available"
          ]
        }
      ]
    },
    {
      "mode": "managed",
      "type": "aws_route_table",
      "name": "private",
      "provider": "provider[\"registry.terraform.io/hashicorp/aws\"]",
      "instances": [
        {
          "index_key": "0",
          "schema_version": 0,
          "attributes": {
            "arn": "arn:aws:ec2:eu-west-2:304650806285:route-table/rtb-062947bb4e04cba6a",
            "id": "rtb-062947bb4e04cba6a",
            "owner_id": "304650806285",
            "propagating_vgws": [],
            "region": "eu-west-2",
            "route": [
              {
                "carrier_gateway_id": "",
                "cidr_block": "0.0.0.0/0",
                "core_network_arn": "",
                "destination_prefix_list_id": "",
                "egress_only_gateway_id": "",
                "gateway_id": "",
                "ipv6_cidr_block": "",
                "local_gateway_id": "",
                "nat_gateway_id": "nat-064a55a51e94c40d4",
                "network_interface_id": "",
                "transit_gateway_id": "",
                "vpc_endpoint_id": "",
                "vpc_peering_connection_id": ""
              }
            ],
            "tags": {
              "Name": "techcorp-private-rt-0"
            },
            "tags_all": {
              "Name": "techcorp-private-rt-0"
            },
            "timeouts": null,
            "vpc_id": "vpc-0f6f1f4266ed63cc5"
          },
          "sensitive_attributes": [],
          "identity_schema_version": 0,
          "identity": {
            "account_id": "304650806285",
            "id": "rtb-062947bb4e04cba6a",
            "region": "eu-west-2"
          },
          "private": "eyJlMmJmYjczMC1lY2FhLTExZTYtOGY4OC0zNDM2M2JjN2M0YzAiOnsiY3JlYXRlIjozMDAwMDAwMDAwMDAsImRlbGV0ZSI6MzAwMDAwMDAwMDAwLCJ1cGRhdGUiOjEyMDAwMDAwMDAwMH19",
          "dependencies": [
            "aws_eip.nat",
            "aws_internet_gateway.igw",
            "aws_nat_gateway.nat",
            "aws_subnet.private",
            "aws_subnet.public",
            "aws_vpc.this",
            "data.aws_availability_zones.available"
          ]
        },
        {
          "index_key": "1",
          "schema_version": 0,
          "attributes": {
            "arn": "arn:aws:ec2:eu-west-2:304650806285:route-table/rtb-0a724112a9e2d4eb0",
            "id": "rtb-0a724112a9e2d4eb0",
            "owner_id": "304650806285",
            "propagating_vgws": [],
            "region": "eu-west-2",
            "route": [
              {
                "carrier_gateway_id": "",
                "cidr_block": "0.0.0.0/0",
                "core_network_arn": "",
                "destination_prefix_list_id": "",
                "egress_only_gateway_id": "",
                "gateway_id": "",
                "ipv6_cidr_block": "",
                "local_gateway_id": "",
                "nat_gateway_id": "nat-0c609f89293fe55be",
                "network_interface_id": "",
                "transit_gateway_id": "",
                "vpc_endpoint_id": "",
                "vpc_peering_connection_id": ""
              }
            ],
            "tags": {
              "Name": "techcorp-private-rt-1"
            },
            "tags_all": {
              "Name": "techcorp-private-rt-1"
            },
            "timeouts": null,
            "vpc_id": "vpc-0f6f1f4266ed63cc5"
          },
          "sensitive_attributes": [],
          "identity_schema_version": 0,
          "identity": {
            "account_id": "304650806285",
            "id": "rtb-0a724112a9e2d4eb0",
            "region": "eu-west-2"
          },
          "private": "eyJlMmJmYjczMC1lY2FhLTExZTYtOGY4OC0zNDM2M2JjN2M0YzAiOnsiY3JlYXRlIjozMDAwMDAwMDAwMDAsImRlbGV0ZSI6MzAwMDAwMDAwMDAwLCJ1cGRhdGUiOjEyMDAwMDAwMDAwMH19",
          "dependencies": [
            "aws_eip.nat",
            "aws_internet_gateway.igw",
            "aws_nat_gateway.nat",
            "aws_subnet.private",
            "aws_subnet.public",
            "aws_vpc.this",
            "data.aws_availability_zones.available"
          ]
        }
      ]
    },
    {
      "mode": "managed",
      "type": "aws_route_table",
      "name": "public",
      "provider": "provider[\"registry.terraform.io/hashicorp/aws\"]",
      "instances": [
        {
          "schema_version": 0,
          "attributes": {
            "arn": "arn:aws:ec2:eu-west-2:304650806285:route-table/rtb-03a7c350d007c7c72",
            "id": "rtb-03a7c350d007c7c72",
            "owner_id": "304650806285",
            "propagating_vgws": [],
            "region": "eu-west-2",
            "route": [
              {
                "carrier_gateway_id": "",
                "cidr_block": "0.0.0.0/0",
                "core_network_arn": "",
                "destination_prefix_list_id": "",
                "egress_only_gateway_id": "",
                "gateway_id": "igw-0e9b9af78ebd93b68",
                "ipv6_cidr_block": "",
                "local_gateway_id": "",
                "nat_gateway_id": "",
                "network_interface_id": "",
                "transit_gateway_id": "",
                "vpc_endpoint_id": "",
                "vpc_peering_connection_id": ""
              }
            ],
            "tags": {
              "Name": "techcorp-public-rt"
            },
            "tags_all": {
              "Name": "techcorp-public-rt"
            },
            "timeouts": null,
            "vpc_id": "vpc-0f6f1f4266ed63cc5"
          },
          "sensitive_attributes": [],
          "identity_schema_version": 0,
          "identity": {
            "account_id": "304650806285",
            "id": "rtb-03a7c350d007c7c72",
            "region": "eu-west-2"
          },
          "private": "eyJlMmJmYjczMC1lY2FhLTExZTYtOGY4OC0zNDM2M2JjN2M0YzAiOnsiY3JlYXRlIjozMDAwMDAwMDAwMDAsImRlbGV0ZSI6MzAwMDAwMDAwMDAwLCJ1cGRhdGUiOjEyMDAwMDAwMDAwMH19",
          "dependencies": [
            "aws_internet_gateway.igw",
            "aws_vpc.this"
          ]
        }
      ]
    },
    {
      "mode": "managed",
      "type": "aws_route_table_association",
      "name": "private_asg",
      "provider": "provider[\"registry.terraform.io/hashicorp/aws\"]",
      "instances": [
        {
          "index_key": "0",
          "schema_version": 0,
          "attributes": {
            "gateway_id": "",
            "id": "rtbassoc-06b4471577962839b",
            "region": "eu-west-2",
            "route_table_id": "rtb-062947bb4e04cba6a",
            "subnet_id": "subnet-0726dbb91342e1031",
            "timeouts": null
          },
          "sensitive_attributes": [],
          "identity_schema_version": 0,
          "private": "eyJlMmJmYjczMC1lY2FhLTExZTYtOGY4OC0zNDM2M2JjN2M0YzAiOnsiY3JlYXRlIjozMDAwMDAwMDAwMDAsImRlbGV0ZSI6MzAwMDAwMDAwMDAwLCJ1cGRhdGUiOjEyMDAwMDAwMDAwMH19",
          "dependencies": [
            "aws_eip.nat",
            "aws_internet_gateway.igw",
            "aws_nat_gateway.nat",
            "aws_route_table.private",
            "aws_subnet.private",
            "aws_subnet.public",
            "aws_vpc.this",
            "data.aws_availability_zones.available"
          ]
        },
        {
          "index_key": "1",
          "schema_version": 0,
          "attributes": {
            "gateway_id": "",
            "id": "rtbassoc-0e3de6eb6aef156f7",
            "region": "eu-west-2",
            "route_table_id": "rtb-0a724112a9e2d4eb0",
            "subnet_id": "subnet-09ac71bc962e9fb16",
            "timeouts": null
          },
          "sensitive_attributes": [],
          "identity_schema_version": 0,
          "private": "eyJlMmJmYjczMC1lY2FhLTExZTYtOGY4OC0zNDM2M2JjN2M0YzAiOnsiY3JlYXRlIjozMDAwMDAwMDAwMDAsImRlbGV0ZSI6MzAwMDAwMDAwMDAwLCJ1cGRhdGUiOjEyMDAwMDAwMDAwMH19",
          "dependencies": [
            "aws_eip.nat",
            "aws_internet_gateway.igw",
            "aws_nat_gateway.nat",
            "aws_route_table.private",
            "aws_subnet.private",
            "aws_subnet.public",
            "aws_vpc.this",
            "data.aws_availability_zones.available"
          ]
        }
      ]
    },
    {
      "mode": "managed",
      "type": "aws_route_table_association",
      "name": "public_asg",
      "provider": "provider[\"registry.terraform.io/hashicorp/aws\"]",
      "instances": [
        {
          "index_key": "0",
          "schema_version": 0,
          "attributes": {
            "gateway_id": "",
            "id": "rtbassoc-063f9cb56ebbac1bb",
            "region": "eu-west-2",
            "route_table_id": "rtb-03a7c350d007c7c72",
            "subnet_id": "subnet-07ec56a2e1ecbcb61",
            "timeouts": null
          },
          "sensitive_attributes": [],
          "identity_schema_version": 0,
          "private": "eyJlMmJmYjczMC1lY2FhLTExZTYtOGY4OC0zNDM2M2JjN2M0YzAiOnsiY3JlYXRlIjozMDAwMDAwMDAwMDAsImRlbGV0ZSI6MzAwMDAwMDAwMDAwLCJ1cGRhdGUiOjEyMDAwMDAwMDAwMH19",
          "dependencies": [
            "aws_internet_gateway.igw",
            "aws_route_table.public",
            "aws_subnet.public",
            "aws_vpc.this",
            "data.aws_availability_zones.available"
          ]
        },
        {
          "index_key": "1",
          "schema_version": 0,
          "attributes": {
            "gateway_id": "",
            "id": "rtbassoc-0b188c5fba455b3a6",
            "region": "eu-west-2",
            "route_table_id": "rtb-03a7c350d007c7c72",
            "subnet_id": "subnet-077653b84bd81d9f2",
            "timeouts": null
          },
          "sensitive_attributes": [],
          "identity_schema_version": 0,
          "private": "eyJlMmJmYjczMC1lY2FhLTExZTYtOGY4OC0zNDM2M2JjN2M0YzAiOnsiY3JlYXRlIjozMDAwMDAwMDAwMDAsImRlbGV0ZSI6MzAwMDAwMDAwMDAwLCJ1cGRhdGUiOjEyMDAwMDAwMDAwMH19",
          "dependencies": [
            "aws_internet_gateway.igw",
            "aws_route_table.public",
            "aws_subnet.public",
            "aws_vpc.this",
            "data.aws_availability_zones.available"
          ]
        }
      ]
    },
    {
      "mode": "managed",
      "type": "aws_security_group",
      "name": "bastion_sg",
      "provider": "provider[\"registry.terraform.io/hashicorp/aws\"]",
      "instances": [
        {
          "schema_version": 1,
          "attributes": {
            "arn": "arn:aws:ec2:eu-west-2:304650806285:security-group/sg-099c1f4d93f15017b",
            "description": "Allow SSH from my IP",
            "egress": [
              {
                "cidr_blocks": [
                  "0.0.0.0/0"
                ],
                "description": "",
                "from_port": 0,
                "ipv6_cidr_blocks": [],
                "prefix_list_ids": [],
                "protocol": "-1",
                "security_groups": [],
                "self": false,
                "to_port": 0
              }
            ],
            "id": "sg-099c1f4d93f15017b",
            "ingress": [
              {
                "cidr_blocks": [
                  "81.110.254.210/32"
                ],
                "description": "SSH from my IP",
                "from_port": 22,
                "ipv6_cidr_blocks": [],
                "prefix_list_ids": [],
                "protocol": "tcp",
                "security_groups": [],
                "self": false,
                "to_port": 22
              }
            ],
            "name": "techcorp-bastion-sg",
            "name_prefix": "",
            "owner_id": "304650806285",
            "region": "eu-west-2",
            "revoke_rules_on_delete": false,
            "tags": null,
            "tags_all": {},
            "timeouts": null,
            "vpc_id": "vpc-0f6f1f4266ed63cc5"
          },
          "sensitive_attributes": [],
          "identity_schema_version": 0,
          "identity": {
            "account_id": "304650806285",
            "id": "sg-099c1f4d93f15017b",
            "region": "eu-west-2"
          },
          "private": "eyJlMmJmYjczMC1lY2FhLTExZTYtOGY4OC0zNDM2M2JjN2M0YzAiOnsiY3JlYXRlIjo2MDAwMDAwMDAwMDAsImRlbGV0ZSI6OTAwMDAwMDAwMDAwfSwic2NoZW1hX3ZlcnNpb24iOiIxIn0=",
          "dependencies": [
            "aws_vpc.this"
          ]
        }
      ]
    },
    {
      "mode": "managed",
      "type": "aws_security_group",
      "name": "db_sg",
      "provider": "provider[\"registry.terraform.io/hashicorp/aws\"]",
      "instances": [
        {
          "schema_version": 1,
          "attributes": {
            "arn": "arn:aws:ec2:eu-west-2:304650806285:security-group/sg-0e0c9675c08e80176",
            "description": "Allow Postgres only from web SG and SSH from bastion",
            "egress": [
              {
                "cidr_blocks": [
                  "0.0.0.0/0"
                ],
                "description": "",
                "from_port": 0,
                "ipv6_cidr_blocks": [],
                "prefix_list_ids": [],
                "protocol": "-1",
                "security_groups": [],
                "self": false,
                "to_port": 0
              }
            ],
            "id": "sg-0e0c9675c08e80176",
            "ingress": [
              {
                "cidr_blocks": [],
                "description": "Postgres from web",
                "from_port": 5432,
                "ipv6_cidr_blocks": [],
                "prefix_list_ids": [],
                "protocol": "tcp",
                "security_groups": [
                  "sg-06626a122f0828820"
                ],
                "self": false,
                "to_port": 5432
              },
              {
                "cidr_blocks": [],
                "description": "SSH from bastion",
                "from_port": 22,
                "ipv6_cidr_blocks": [],
                "prefix_list_ids": [],
                "protocol": "tcp",
                "security_groups": [
                  "sg-099c1f4d93f15017b"
                ],
                "self": false,
                "to_port": 22
              }
            ],
            "name": "techcorp-db-sg",
            "name_prefix": "",
            "owner_id": "304650806285",
            "region": "eu-west-2",
            "revoke_rules_on_delete": false,
            "tags": null,
            "tags_all": {},
            "timeouts": null,
            "vpc_id": "vpc-0f6f1f4266ed63cc5"
          },
          "sensitive_attributes": [],
          "identity_schema_version": 0,
          "identity": {
            "account_id": "304650806285",
            "id": "sg-0e0c9675c08e80176",
            "region": "eu-west-2"
          },
          "private": "eyJlMmJmYjczMC1lY2FhLTExZTYtOGY4OC0zNDM2M2JjN2M0YzAiOnsiY3JlYXRlIjo2MDAwMDAwMDAwMDAsImRlbGV0ZSI6OTAwMDAwMDAwMDAwfSwic2NoZW1hX3ZlcnNpb24iOiIxIn0=",
          "dependencies": [
            "aws_security_group.bastion_sg",
            "aws_security_group.web_sg",
            "aws_vpc.this"
          ]
        }
      ]
    },
    {
      "mode": "managed",
      "type": "aws_security_group",
      "name": "web_sg",
      "provider": "provider[\"registry.terraform.io/hashicorp/aws\"]",
      "instances": [
        {
          "schema_version": 1,
          "attributes": {
            "arn": "arn:aws:ec2:eu-west-2:304650806285:security-group/sg-06626a122f0828820",
            "description": "Allow HTTP/HTTPS from anywhere and SSH from bastion",
            "egress": [
              {
                "cidr_blocks": [
                  "0.0.0.0/0"
                ],
                "description": "",
                "from_port": 0,
                "ipv6_cidr_blocks": [],
                "prefix_list_ids": [],
                "protocol": "-1",
                "security_groups": [],
                "self": false,
                "to_port": 0
              }
            ],
            "id": "sg-06626a122f0828820",
            "ingress": [
              {
                "cidr_blocks": [
                  "0.0.0.0/0"
                ],
                "description": "http",
                "from_port": 80,
                "ipv6_cidr_blocks": [],
                "prefix_list_ids": [],
                "protocol": "tcp",
                "security_groups": [],
                "self": false,
                "to_port": 80
              },
              {
                "cidr_blocks": [
                  "0.0.0.0/0"
                ],
                "description": "https",
                "from_port": 443,
                "ipv6_cidr_blocks": [],
                "prefix_list_ids": [],
                "protocol": "tcp",
                "security_groups": [],
                "self": false,
                "to_port": 443
              },
              {
                "cidr_blocks": [],
                "description": "SSH from bastion",
                "from_port": 22,
                "ipv6_cidr_blocks": [],
                "prefix_list_ids": [],
                "protocol": "tcp",
                "security_groups": [
                  "sg-099c1f4d93f15017b"
                ],
                "self": false,
                "to_port": 22
              }
            ],
            "name": "techcorp-web-sg",
            "name_prefix": "",
            "owner_id": "304650806285",
            "region": "eu-west-2",
            "revoke_rules_on_delete": false,
            "tags": null,
            "tags_all": {},
            "timeouts": null,
            "vpc_id": "vpc-0f6f1f4266ed63cc5"
          },
          "sensitive_attributes": [],
          "identity_schema_version": 0,
          "identity": {
            "account_id": "304650806285",
            "id": "sg-06626a122f0828820",
            "region": "eu-west-2"
          },
          "private": "eyJlMmJmYjczMC1lY2FhLTExZTYtOGY4OC0zNDM2M2JjN2M0YzAiOnsiY3JlYXRlIjo2MDAwMDAwMDAwMDAsImRlbGV0ZSI6OTAwMDAwMDAwMDAwfSwic2NoZW1hX3ZlcnNpb24iOiIxIn0=",
          "dependencies": [
            "aws_security_group.bastion_sg",
            "aws_vpc.this"
          ]
        }
      ]
    },
    {
      "mode": "managed",
      "type": "aws_subnet",
      "name": "private",
      "provider": "provider[\"registry.terraform.io/hashicorp/aws\"]",
      "instances": [
        {
          "index_key": "0",
          "schema_version": 1,
          "attributes": {
            "arn": "arn:aws:ec2:eu-west-2:304650806285:subnet/subnet-0726dbb91342e1031",
            "assign_ipv6_address_on_creation": false,
            "availability_zone": "eu-west-2a",
            "availability_zone_id": "euw2-az2",
            "cidr_block": "10.0.3.0/24",
            "customer_owned_ipv4_pool": "",
            "enable_dns64": false,
            "enable_lni_at_device_index": 0,
            "enable_resource_name_dns_a_record_on_launch": false,
            "enable_resource_name_dns_aaaa_record_on_launch": false,
            "id": "subnet-0726dbb91342e1031",
            "ipv6_cidr_block": "",
            "ipv6_cidr_block_association_id": "",
            "ipv6_native": false,
            "map_customer_owned_ip_on_launch": false,
            "map_public_ip_on_launch": false,
            "outpost_arn": "",
            "owner_id": "304650806285",
            "private_dns_hostname_type_on_launch": "ip-name",
            "region": "eu-west-2",
            "tags": {
              "Name": "techcorp-private-subnet-1"
            },
            "tags_all": {
              "Name": "techcorp-private-subnet-1"
            },
            "timeouts": null,
            "vpc_id": "vpc-0f6f1f4266ed63cc5"
          },
          "sensitive_attributes": [],
          "identity_schema_version": 0,
          "identity": {
            "account_id": "304650806285",
            "id": "subnet-0726dbb91342e1031",
            "region": "eu-west-2"
          },
          "private": "eyJlMmJmYjczMC1lY2FhLTExZTYtOGY4OC0zNDM2M2JjN2M0YzAiOnsiY3JlYXRlIjo2MDAwMDAwMDAwMDAsImRlbGV0ZSI6MTIwMDAwMDAwMDAwMH0sInNjaGVtYV92ZXJzaW9uIjoiMSJ9",
          "dependencies": [
            "aws_vpc.this",
            "data.aws_availability_zones.available"
          ]
        },
        {
          "index_key": "1",
          "schema_version": 1,
          "attributes": {
            "arn": "arn:aws:ec2:eu-west-2:304650806285:subnet/subnet-09ac71bc962e9fb16",
            "assign_ipv6_address_on_creation": false,
            "availability_zone": "eu-west-2b",
            "availability_zone_id": "euw2-az3",
            "cidr_block": "10.0.4.0/24",
            "customer_owned_ipv4_pool": "",
            "enable_dns64": false,
            "enable_lni_at_device_index": 0,
            "enable_resource_name_dns_a_record_on_launch": false,
            "enable_resource_name_dns_aaaa_record_on_launch": false,
            "id": "subnet-09ac71bc962e9fb16",
            "ipv6_cidr_block": "",
            "ipv6_cidr_block_association_id": "",
            "ipv6_native": false,
            "map_customer_owned_ip_on_launch": false,
            "map_public_ip_on_launch": false,
            "outpost_arn": "",
            "owner_id": "304650806285",
            "private_dns_hostname_type_on_launch": "ip-name",
            "region": "eu-west-2",
            "tags": {
              "Name": "techcorp-private-subnet-2"
            },
            "tags_all": {
              "Name": "techcorp-private-subnet-2"
            },
            "timeouts": null,
            "vpc_id": "vpc-0f6f1f4266ed63cc5"
          },
          "sensitive_attributes": [],
          "identity_schema_version": 0,
          "identity": {
            "account_id": "304650806285",
            "id": "subnet-09ac71bc962e9fb16",
            "region": "eu-west-2"
          },
          "private": "eyJlMmJmYjczMC1lY2FhLTExZTYtOGY4OC0zNDM2M2JjN2M0YzAiOnsiY3JlYXRlIjo2MDAwMDAwMDAwMDAsImRlbGV0ZSI6MTIwMDAwMDAwMDAwMH0sInNjaGVtYV92ZXJzaW9uIjoiMSJ9",
          "dependencies": [
            "aws_vpc.this",
            "data.aws_availability_zones.available"
          ]
        }
      ]
    },
    {
      "mode": "managed",
      "type": "aws_subnet",
      "name": "public",
      "provider": "provider[\"registry.terraform.io/hashicorp/aws\"]",
      "instances": [
        {
          "index_key": "0",
          "schema_version": 1,
          "attributes": {
            "arn": "arn:aws:ec2:eu-west-2:304650806285:subnet/subnet-07ec56a2e1ecbcb61",
            "assign_ipv6_address_on_creation": false,
            "availability_zone": "eu-west-2a",
            "availability_zone_id": "euw2-az2",
            "cidr_block": "10.0.1.0/24",
            "customer_owned_ipv4_pool": "",
            "enable_dns64": false,
            "enable_lni_at_device_index": 0,
            "enable_resource_name_dns_a_record_on_launch": false,
            "enable_resource_name_dns_aaaa_record_on_launch": false,
            "id": "subnet-07ec56a2e1ecbcb61",
            "ipv6_cidr_block": "",
            "ipv6_cidr_block_association_id": "",
            "ipv6_native": false,
            "map_customer_owned_ip_on_launch": false,
            "map_public_ip_on_launch": true,
            "outpost_arn": "",
            "owner_id": "304650806285",
            "private_dns_hostname_type_on_launch": "ip-name",
            "region": "eu-west-2",
            "tags": {
              "Name": "techcorp-public-subnet-1"
            },
            "tags_all": {
              "Name": "techcorp-public-subnet-1"
            },
            "timeouts": null,
            "vpc_id": "vpc-0f6f1f4266ed63cc5"
          },
          "sensitive_attributes": [],
          "identity_schema_version": 0,
          "identity": {
            "account_id": "304650806285",
            "id": "subnet-07ec56a2e1ecbcb61",
            "region": "eu-west-2"
          },
          "private": "eyJlMmJmYjczMC1lY2FhLTExZTYtOGY4OC0zNDM2M2JjN2M0YzAiOnsiY3JlYXRlIjo2MDAwMDAwMDAwMDAsImRlbGV0ZSI6MTIwMDAwMDAwMDAwMH0sInNjaGVtYV92ZXJzaW9uIjoiMSJ9",
          "dependencies": [
            "aws_vpc.this",
            "data.aws_availability_zones.available"
          ]
        },
        {
          "index_key": "1",
          "schema_version": 1,
          "attributes": {
            "arn": "arn:aws:ec2:eu-west-2:304650806285:subnet/subnet-077653b84bd81d9f2",
            "assign_ipv6_address_on_creation": false,
            "availability_zone": "eu-west-2b",
            "availability_zone_id": "euw2-az3",
            "cidr_block": "10.0.2.0/24",
            "customer_owned_ipv4_pool": "",
            "enable_dns64": false,
            "enable_lni_at_device_index": 0,
            "enable_resource_name_dns_a_record_on_launch": false,
            "enable_resource_name_dns_aaaa_record_on_launch": false,
            "id": "subnet-077653b84bd81d9f2",
            "ipv6_cidr_block": "",
            "ipv6_cidr_block_association_id": "",
            "ipv6_native": false,
            "map_customer_owned_ip_on_launch": false,
            "map_public_ip_on_launch": true,
            "outpost_arn": "",
            "owner_id": "304650806285",
            "private_dns_hostname_type_on_launch": "ip-name",
            "region": "eu-west-2",
            "tags": {
              "Name": "techcorp-public-subnet-2"
            },
            "tags_all": {
              "Name": "techcorp-public-subnet-2"
            },
            "timeouts": null,
            "vpc_id": "vpc-0f6f1f4266ed63cc5"
          },
          "sensitive_attributes": [],
          "identity_schema_version": 0,
          "identity": {
            "account_id": "304650806285",
            "id": "subnet-077653b84bd81d9f2",
            "region": "eu-west-2"
          },
          "private": "eyJlMmJmYjczMC1lY2FhLTExZTYtOGY4OC0zNDM2M2JjN2M0YzAiOnsiY3JlYXRlIjo2MDAwMDAwMDAwMDAsImRlbGV0ZSI6MTIwMDAwMDAwMDAwMH0sInNjaGVtYV92ZXJzaW9uIjoiMSJ9",
          "dependencies": [
            "aws_vpc.this",
            "data.aws_availability_zones.available"
          ]
        }
      ]
    },
    {
      "mode": "managed",
      "type": "aws_vpc",
      "name": "this",
      "provider": "provider[\"registry.terraform.io/hashicorp/aws\"]",
      "instances": [
        {
          "schema_version": 1,
          "attributes": {
            "arn": "arn:aws:ec2:eu-west-2:304650806285:vpc/vpc-0f6f1f4266ed63cc5",
            "assign_generated_ipv6_cidr_block": false,
            "cidr_block": "10.0.0.0/16",
            "default_network_acl_id": "acl-016d08ae0391249e8",
            "default_route_table_id": "rtb-0251a960c39eace1e",
            "default_security_group_id": "sg-0fde23612d46726eb",
            "dhcp_options_id": "dopt-056e439521af868f0",
            "enable_dns_hostnames": true,
            "enable_dns_support": true,
            "enable_network_address_usage_metrics": false,
            "id": "vpc-0f6f1f4266ed63cc5",
            "instance_tenancy": "default",
            "ipv4_ipam_pool_id": null,
            "ipv4_netmask_length": null,
            "ipv6_association_id": "",
            "ipv6_cidr_block": "",
            "ipv6_cidr_block_network_border_group": "",
            "ipv6_ipam_pool_id": "",
            "ipv6_netmask_length": 0,
            "main_route_table_id": "rtb-0251a960c39eace1e",
            "owner_id": "304650806285",
            "region": "eu-west-2",
            "tags": {
              "Name": "techcorp-vpc"
            },
            "tags_all": {
              "Name": "techcorp-vpc"
            }
          },
          "sensitive_attributes": [],
          "identity_schema_version": 0,
          "identity": {
            "account_id": "304650806285",
            "id": "vpc-0f6f1f4266ed63cc5",
            "region": "eu-west-2"
          },
          "private": "eyJzY2hlbWFfdmVyc2lvbiI6IjEifQ=="
        }
      ]
    }
  ],
  "check_results": null
}
